{
  "name": "@outsmartly/plugin-limespot",
  "version": "0.0.1",
  "lockfileVersion": 1,
  "requires": true,
  "dependencies": {
    "@outsmartly/core": {
      "version": "0.0.1",
      "resolved": "https://registry.npmjs.org/@outsmartly/core/-/core-0.0.1.tgz",
      "integrity": "sha512-66bgGNDFAz2ONY5uQNeS9piM0TP6D6UzqJTuqTPMSKra8Y6Z7nPKo2E0O3ygkxbgYFfR8Oc4TJHARd4yjyngng=="
    }
  }
}
