{
  "name": "@outsmartly/plugin-limespot",
  "version": "0.0.1",
  "lockfileVersion": 2,
  "requires": true,
  "packages": {
    "": {
      "name": "@outsmartly/plugin-limespot",
      "version": "0.0.1",
      "license": "MIT",
      "dependencies": {
        "@outsmartly/core": "0.0.2"
      }
    },
    "node_modules/@outsmartly/core": {
      "version": "0.0.2",
      "resolved": "https://registry.npmjs.org/@outsmartly/core/-/core-0.0.2.tgz",
      "integrity": "sha512-CMnVZKGhmDMh1XjOWDS04JO8l2pok/u8+6vs/irysBvPES2APZreIgR5H3v4zuqR0Td6XsUdMi4bvSP4kmp4fQ=="
    }
  },
  "dependencies": {
    "@outsmartly/core": {
      "version": "0.0.2",
      "resolved": "https://registry.npmjs.org/@outsmartly/core/-/core-0.0.2.tgz",
      "integrity": "sha512-CMnVZKGhmDMh1XjOWDS04JO8l2pok/u8+6vs/irysBvPES2APZreIgR5H3v4zuqR0Td6XsUdMi4bvSP4kmp4fQ=="
    }
  }
}
